// !$*UTF8*$!
{
	archiveVersion = 1;
	classes = {
	};
	objectVersion = 50;
	objects = {

/* Begin PBXBuildFile section */
		57901528EACF6EE9E17D0987 /* Pods_FaceCameraTests.framework in Frameworks */ = {isa = PBXBuildFile; fileRef = E5AAE4F91B468331EBCC8B0D /* Pods_FaceCameraTests.framework */; };
		CB1143C021A39F5A003CCB2E /* libdlib.a in Frameworks */ = {isa = PBXBuildFile; fileRef = CB1143BF21A39F5A003CCB2E /* libdlib.a */; };
		CB1143C521A3A5CF003CCB2E /* OpenGLES.framework in Frameworks */ = {isa = PBXBuildFile; fileRef = CB1143C421A3A5CE003CCB2E /* OpenGLES.framework */; };
		CB83E214212A861F00265D61 /* AVFoundation.framework in Frameworks */ = {isa = PBXBuildFile; fileRef = CB83E213212A861F00265D61 /* AVFoundation.framework */; };
		CB83E216212A864E00265D61 /* CoreMedia.framework in Frameworks */ = {isa = PBXBuildFile; fileRef = CB83E215212A864E00265D61 /* CoreMedia.framework */; };
		CB9CB6912150959E00E687B9 /* Accelerate.framework in Frameworks */ = {isa = PBXBuildFile; fileRef = CB9CB68B214F753200E687B9 /* Accelerate.framework */; };
		CBD38C6D21ABB26F0053AB48 /* main.m in Sources */ = {isa = PBXBuildFile; fileRef = CBD38C1C21ABB26E0053AB48 /* main.m */; };
		CBD38C7021ABB26F0053AB48 /* FaceCamera.m in Sources */ = {isa = PBXBuildFile; fileRef = CBD38C2721ABB26F0053AB48 /* FaceCamera.m */; };
		CBD38C7121ABB26F0053AB48 /* FaceCameraView.m in Sources */ = {isa = PBXBuildFile; fileRef = CBD38C2821ABB26F0053AB48 /* FaceCameraView.m */; };
		CBD38C7421ABB26F0053AB48 /* ShutterView.m in Sources */ = {isa = PBXBuildFile; fileRef = CBD38C3021ABB26F0053AB48 /* ShutterView.m */; };
		CBD38C7521ABB26F0053AB48 /* AppDelegate.m in Sources */ = {isa = PBXBuildFile; fileRef = CBD38C3121ABB26F0053AB48 /* AppDelegate.m */; };
		CBD38C7921ABB26F0053AB48 /* FCCoreVisualService.mm in Sources */ = {isa = PBXBuildFile; fileRef = CBD38C3921ABB26F0053AB48 /* FCCoreVisualService.mm */; };
		CBD38C7A21ABB26F0053AB48 /* FaceCore.cpp in Sources */ = {isa = PBXBuildFile; fileRef = CBD38C3C21ABB26F0053AB48 /* FaceCore.cpp */; };
		CBD38C7D21ABB26F0053AB48 /* FCMainViewController.m in Sources */ = {isa = PBXBuildFile; fileRef = CBD38C4521ABB26F0053AB48 /* FCMainViewController.m */; };
		CBD38C7E21ABB26F0053AB48 /* BaseViewController.m in Sources */ = {isa = PBXBuildFile; fileRef = CBD38C4621ABB26F0053AB48 /* BaseViewController.m */; };
		CBD38C7F21ABB26F0053AB48 /* ScissorViewController.m in Sources */ = {isa = PBXBuildFile; fileRef = CBD38C4821ABB26F0053AB48 /* ScissorViewController.m */; };
		CBD38C8021ABB26F0053AB48 /* LaunchScreen.storyboard in Resources */ = {isa = PBXBuildFile; fileRef = CBD38C4D21ABB26F0053AB48 /* LaunchScreen.storyboard */; };
		CBD38C8121ABB26F0053AB48 /* Main.storyboard in Resources */ = {isa = PBXBuildFile; fileRef = CBD38C4F21ABB26F0053AB48 /* Main.storyboard */; };
		CBD38C8221ABB26F0053AB48 /* whiskers.png in Resources */ = {isa = PBXBuildFile; fileRef = CBD38C5221ABB26F0053AB48 /* whiskers.png */; };
		CBD38C8321ABB26F0053AB48 /* shape_predictor_68_face_landmarks.dat in Resources */ = {isa = PBXBuildFile; fileRef = CBD38C5321ABB26F0053AB48 /* shape_predictor_68_face_landmarks.dat */; };
		CBD38C8421ABB26F0053AB48 /* lena.png in Resources */ = {isa = PBXBuildFile; fileRef = CBD38C5421ABB26F0053AB48 /* lena.png */; };
		CBD38C8521ABB26F0053AB48 /* rect.jpg in Resources */ = {isa = PBXBuildFile; fileRef = CBD38C5521ABB26F0053AB48 /* rect.jpg */; };
		CBD38C8621ABB26F0053AB48 /* haarcascade_upperbody.xml in Resources */ = {isa = PBXBuildFile; fileRef = CBD38C5721ABB26F0053AB48 /* haarcascade_upperbody.xml */; };
		CBD38C8721ABB26F0053AB48 /* haarcascade_frontalcatface_extended.xml in Resources */ = {isa = PBXBuildFile; fileRef = CBD38C5821ABB26F0053AB48 /* haarcascade_frontalcatface_extended.xml */; };
		CBD38C8821ABB26F0053AB48 /* haarcascade_profileface.xml in Resources */ = {isa = PBXBuildFile; fileRef = CBD38C5921ABB26F0053AB48 /* haarcascade_profileface.xml */; };
		CBD38C8921ABB26F0053AB48 /* haarcascade_frontalcatface.xml in Resources */ = {isa = PBXBuildFile; fileRef = CBD38C5A21ABB26F0053AB48 /* haarcascade_frontalcatface.xml */; };
		CBD38C8A21ABB26F0053AB48 /* haarcascade_frontalface_alt2.xml in Resources */ = {isa = PBXBuildFile; fileRef = CBD38C5B21ABB26F0053AB48 /* haarcascade_frontalface_alt2.xml */; };
		CBD38C8B21ABB26F0053AB48 /* haarcascade_eye.xml in Resources */ = {isa = PBXBuildFile; fileRef = CBD38C5C21ABB26F0053AB48 /* haarcascade_eye.xml */; };
		CBD38C8C21ABB26F0053AB48 /* haarcascade_lefteye_2splits.xml in Resources */ = {isa = PBXBuildFile; fileRef = CBD38C5D21ABB26F0053AB48 /* haarcascade_lefteye_2splits.xml */; };
		CBD38C8D21ABB26F0053AB48 /* haarcascade_frontalface_alt_tree.xml in Resources */ = {isa = PBXBuildFile; fileRef = CBD38C5E21ABB26F0053AB48 /* haarcascade_frontalface_alt_tree.xml */; };
		CBD38C8E21ABB26F0053AB48 /* haarcascade_licence_plate_rus_16stages.xml in Resources */ = {isa = PBXBuildFile; fileRef = CBD38C5F21ABB26F0053AB48 /* haarcascade_licence_plate_rus_16stages.xml */; };
		CBD38C8F21ABB26F0053AB48 /* haarcascade_righteye_2splits.xml in Resources */ = {isa = PBXBuildFile; fileRef = CBD38C6021ABB26F0053AB48 /* haarcascade_righteye_2splits.xml */; };
		CBD38C9021ABB26F0053AB48 /* haarcascade_frontalface_alt.xml in Resources */ = {isa = PBXBuildFile; fileRef = CBD38C6121ABB26F0053AB48 /* haarcascade_frontalface_alt.xml */; };
		CBD38C9121ABB26F0053AB48 /* haarcascade_lowerbody.xml in Resources */ = {isa = PBXBuildFile; fileRef = CBD38C6221ABB26F0053AB48 /* haarcascade_lowerbody.xml */; };
		CBD38C9221ABB26F0053AB48 /* haarcascade_russian_plate_number.xml in Resources */ = {isa = PBXBuildFile; fileRef = CBD38C6321ABB26F0053AB48 /* haarcascade_russian_plate_number.xml */; };
		CBD38C9321ABB26F0053AB48 /* haarcascade_frontalface_default.xml in Resources */ = {isa = PBXBuildFile; fileRef = CBD38C6421ABB26F0053AB48 /* haarcascade_frontalface_default.xml */; };
		CBD38C9421ABB26F0053AB48 /* haarcascade_smile.xml in Resources */ = {isa = PBXBuildFile; fileRef = CBD38C6521ABB26F0053AB48 /* haarcascade_smile.xml */; };
		CBD38C9521ABB26F0053AB48 /* haarcascade_fullbody.xml in Resources */ = {isa = PBXBuildFile; fileRef = CBD38C6621ABB26F0053AB48 /* haarcascade_fullbody.xml */; };
		CBD38C9621ABB26F0053AB48 /* haarcascade_eye_tree_eyeglasses.xml in Resources */ = {isa = PBXBuildFile; fileRef = CBD38C6721ABB26F0053AB48 /* haarcascade_eye_tree_eyeglasses.xml */; };
		CBD38C9721ABB26F0053AB48 /* lbfmodel.yaml in Resources */ = {isa = PBXBuildFile; fileRef = CBD38C6821ABB26F0053AB48 /* lbfmodel.yaml */; };
		CBD38C9821ABB26F0053AB48 /* Assets.xcassets in Resources */ = {isa = PBXBuildFile; fileRef = CBD38C6921ABB26F0053AB48 /* Assets.xcassets */; };
		CBD38C9A21ABD7C80053AB48 /* Info.plist in Resources */ = {isa = PBXBuildFile; fileRef = CBD38C1B21ABB26E0053AB48 /* Info.plist */; };
		CBD38C9B21ABD7D00053AB48 /* FaceCameraTests.m in Sources */ = {isa = PBXBuildFile; fileRef = CBD38C1A21ABB26E0053AB48 /* FaceCameraTests.m */; };
		CBD38C9C21ABDC070053AB48 /* opencv2.framework in Frameworks */ = {isa = PBXBuildFile; fileRef = CB30CA682192B3F40012D84A /* opencv2.framework */; };
		CBD38CA321AE6F1E0053AB48 /* MaskGLView.mm in Sources */ = {isa = PBXBuildFile; fileRef = CBD38CA221AE6F1E0053AB48 /* MaskGLView.mm */; };
		CBD38CA521AE70470053AB48 /* GLKit.framework in Frameworks */ = {isa = PBXBuildFile; fileRef = CBD38CA421AE70470053AB48 /* GLKit.framework */; };
		CBD38CA921AE923A0053AB48 /* CosmeticCore.cpp in Sources */ = {isa = PBXBuildFile; fileRef = CBD38CA721AE923A0053AB48 /* CosmeticCore.cpp */; };
		CBD38D1F21AFD5EE0053AB48 /* AppDelegate.m in Sources */ = {isa = PBXBuildFile; fileRef = CBD38D1E21AFD5EE0053AB48 /* AppDelegate.m */; };
		CBD38D2221AFD5EE0053AB48 /* ViewController.mm in Sources */ = {isa = PBXBuildFile; fileRef = CBD38D2121AFD5EE0053AB48 /* ViewController.mm */; };
		CBD38D2521AFD5EE0053AB48 /* Main.storyboard in Resources */ = {isa = PBXBuildFile; fileRef = CBD38D2321AFD5EE0053AB48 /* Main.storyboard */; };
		CBD38D2721AFD5F70053AB48 /* Assets.xcassets in Resources */ = {isa = PBXBuildFile; fileRef = CBD38D2621AFD5F70053AB48 /* Assets.xcassets */; };
		CBD38D2A21AFD5F70053AB48 /* LaunchScreen.storyboard in Resources */ = {isa = PBXBuildFile; fileRef = CBD38D2821AFD5F70053AB48 /* LaunchScreen.storyboard */; };
		CBD38D2D21AFD5F70053AB48 /* main.m in Sources */ = {isa = PBXBuildFile; fileRef = CBD38D2C21AFD5F70053AB48 /* main.m */; };
		CBD38D3121AFD6210053AB48 /* opencv2.framework in Frameworks */ = {isa = PBXBuildFile; fileRef = CB30CA682192B3F40012D84A /* opencv2.framework */; };
		CBD38D3221AFD62B0053AB48 /* Accelerate.framework in Frameworks */ = {isa = PBXBuildFile; fileRef = CB9CB68B214F753200E687B9 /* Accelerate.framework */; };
		CBD38D3321AFD6350053AB48 /* CoreMedia.framework in Frameworks */ = {isa = PBXBuildFile; fileRef = CB83E215212A864E00265D61 /* CoreMedia.framework */; };
		CBD38D8521AFD77D0053AB48 /* hog.c in Sources */ = {isa = PBXBuildFile; fileRef = CBD38D3821AFD77D0053AB48 /* hog.c */; };
		CBD38D8921AFD77D0053AB48 /* helper.cpp in Sources */ = {isa = PBXBuildFile; fileRef = CBD38D7C21AFD77D0053AB48 /* helper.cpp */; };
		CBD38D8A21AFD77D0053AB48 /* feature_descriptor.cpp in Sources */ = {isa = PBXBuildFile; fileRef = CBD38D7F21AFD77D0053AB48 /* feature_descriptor.cpp */; };
		CBD38D8D21AFD77D0053AB48 /* ldmarkmodel.cpp in Sources */ = {isa = PBXBuildFile; fileRef = CBD38D8321AFD77D0053AB48 /* ldmarkmodel.cpp */; };
		CBD38D9021AFD7970053AB48 /* model in Resources */ = {isa = PBXBuildFile; fileRef = CBD38D8E21AFD7970053AB48 /* model */; };
		CBD38D9121AFD7970053AB48 /* include in Resources */ = {isa = PBXBuildFile; fileRef = CBD38D8F21AFD7970053AB48 /* include */; };
		CBD38D9221AFDB980053AB48 /* AVFoundation.framework in Frameworks */ = {isa = PBXBuildFile; fileRef = CB83E213212A861F00265D61 /* AVFoundation.framework */; };
		CBD38D9521B0E47B0053AB48 /* FaceCamera.m in Sources */ = {isa = PBXBuildFile; fileRef = CBD38C2721ABB26F0053AB48 /* FaceCamera.m */; };
		CD613F5D9B2D920DA7C181E6 /* Pods_FaceCamera.framework in Frameworks */ = {isa = PBXBuildFile; fileRef = C2B697D72D3AA4A15B285C64 /* Pods_FaceCamera.framework */; };
/* End PBXBuildFile section */

/* Begin PBXContainerItemProxy section */
		CB83E1FA2129B03100265D61 /* PBXContainerItemProxy */ = {
			isa = PBXContainerItemProxy;
			containerPortal = CB83E1D92129B02C00265D61 /* Project object */;
			proxyType = 1;
			remoteGlobalIDString = CB83E1E02129B02C00265D61;
			remoteInfo = BikaCamera;
		};
/* End PBXContainerItemProxy section */

/* Begin PBXFileReference section */
		3655F56439603010EA80AE64 /* Pods-FaceCamera.release.xcconfig */ = {isa = PBXFileReference; includeInIndex = 1; lastKnownFileType = text.xcconfig; name = "Pods-FaceCamera.release.xcconfig"; path = "Pods/Target Support Files/Pods-FaceCamera/Pods-FaceCamera.release.xcconfig"; sourceTree = "<group>"; };
		3E5034F44BC9D7546E9BA6A3 /* Pods-FaceCamera.debug.xcconfig */ = {isa = PBXFileReference; includeInIndex = 1; lastKnownFileType = text.xcconfig; name = "Pods-FaceCamera.debug.xcconfig"; path = "Pods/Target Support Files/Pods-FaceCamera/Pods-FaceCamera.debug.xcconfig"; sourceTree = "<group>"; };
		781422FDF7EE27FF8A901E4C /* Pods-FaceCameraTests.debug.xcconfig */ = {isa = PBXFileReference; includeInIndex = 1; lastKnownFileType = text.xcconfig; name = "Pods-FaceCameraTests.debug.xcconfig"; path = "Pods/Target Support Files/Pods-FaceCameraTests/Pods-FaceCameraTests.debug.xcconfig"; sourceTree = "<group>"; };
		C2B697D72D3AA4A15B285C64 /* Pods_FaceCamera.framework */ = {isa = PBXFileReference; explicitFileType = wrapper.framework; includeInIndex = 0; path = Pods_FaceCamera.framework; sourceTree = BUILT_PRODUCTS_DIR; };
		CB1143BF21A39F5A003CCB2E /* libdlib.a */ = {isa = PBXFileReference; lastKnownFileType = archive.ar; name = libdlib.a; path = Frameworks/dlib/libdlib.a; sourceTree = "<group>"; };
		CB1143C421A3A5CE003CCB2E /* OpenGLES.framework */ = {isa = PBXFileReference; lastKnownFileType = wrapper.framework; name = OpenGLES.framework; path = System/Library/Frameworks/OpenGLES.framework; sourceTree = SDKROOT; };
		CB30CA682192B3F40012D84A /* opencv2.framework */ = {isa = PBXFileReference; lastKnownFileType = wrapper.framework; name = opencv2.framework; path = Frameworks/opencv2.framework; sourceTree = "<group>"; };
		CB83E1E12129B02C00265D61 /* FaceCamera.app */ = {isa = PBXFileReference; explicitFileType = wrapper.application; includeInIndex = 0; path = FaceCamera.app; sourceTree = BUILT_PRODUCTS_DIR; };
		CB83E1F92129B03100265D61 /* FaceCameraTests.xctest */ = {isa = PBXFileReference; explicitFileType = wrapper.cfbundle; includeInIndex = 0; path = FaceCameraTests.xctest; sourceTree = BUILT_PRODUCTS_DIR; };
		CB83E213212A861F00265D61 /* AVFoundation.framework */ = {isa = PBXFileReference; lastKnownFileType = wrapper.framework; name = AVFoundation.framework; path = System/Library/Frameworks/AVFoundation.framework; sourceTree = SDKROOT; };
		CB83E215212A864E00265D61 /* CoreMedia.framework */ = {isa = PBXFileReference; lastKnownFileType = wrapper.framework; name = CoreMedia.framework; path = System/Library/Frameworks/CoreMedia.framework; sourceTree = SDKROOT; };
		CB9CB68B214F753200E687B9 /* Accelerate.framework */ = {isa = PBXFileReference; lastKnownFileType = wrapper.framework; name = Accelerate.framework; path = System/Library/Frameworks/Accelerate.framework; sourceTree = SDKROOT; };
		CBD38C1A21ABB26E0053AB48 /* FaceCameraTests.m */ = {isa = PBXFileReference; fileEncoding = 4; lastKnownFileType = sourcecode.c.objc; path = FaceCameraTests.m; sourceTree = "<group>"; };
		CBD38C1B21ABB26E0053AB48 /* Info.plist */ = {isa = PBXFileReference; fileEncoding = 4; lastKnownFileType = text.plist.xml; path = Info.plist; sourceTree = "<group>"; };
		CBD38C1C21ABB26E0053AB48 /* main.m */ = {isa = PBXFileReference; fileEncoding = 4; lastKnownFileType = sourcecode.c.objc; path = main.m; sourceTree = "<group>"; };
		CBD38C1E21ABB26E0053AB48 /* AppDelegate.h */ = {isa = PBXFileReference; fileEncoding = 4; lastKnownFileType = sourcecode.c.h; path = AppDelegate.h; sourceTree = "<group>"; };
		CBD38C2621ABB26F0053AB48 /* FaceCameraView.h */ = {isa = PBXFileReference; fileEncoding = 4; lastKnownFileType = sourcecode.c.h; path = FaceCameraView.h; sourceTree = "<group>"; };
		CBD38C2721ABB26F0053AB48 /* FaceCamera.m */ = {isa = PBXFileReference; fileEncoding = 4; lastKnownFileType = sourcecode.c.objc; path = FaceCamera.m; sourceTree = "<group>"; };
		CBD38C2821ABB26F0053AB48 /* FaceCameraView.m */ = {isa = PBXFileReference; fileEncoding = 4; lastKnownFileType = sourcecode.c.objc; path = FaceCameraView.m; sourceTree = "<group>"; };
		CBD38C2921ABB26F0053AB48 /* FaceCamera.h */ = {isa = PBXFileReference; fileEncoding = 4; lastKnownFileType = sourcecode.c.h; path = FaceCamera.h; sourceTree = "<group>"; };
		CBD38C2C21ABB26F0053AB48 /* ScissorSwitch.h */ = {isa = PBXFileReference; fileEncoding = 4; lastKnownFileType = sourcecode.c.h; path = ScissorSwitch.h; sourceTree = "<group>"; };
		CBD38C2D21ABB26F0053AB48 /* ShutterView.h */ = {isa = PBXFileReference; fileEncoding = 4; lastKnownFileType = sourcecode.c.h; path = ShutterView.h; sourceTree = "<group>"; };
		CBD38C2E21ABB26F0053AB48 /* ScissorSwitch.m */ = {isa = PBXFileReference; fileEncoding = 4; lastKnownFileType = sourcecode.c.objc; path = ScissorSwitch.m; sourceTree = "<group>"; };
		CBD38C3021ABB26F0053AB48 /* ShutterView.m */ = {isa = PBXFileReference; fileEncoding = 4; lastKnownFileType = sourcecode.c.objc; path = ShutterView.m; sourceTree = "<group>"; };
		CBD38C3121ABB26F0053AB48 /* AppDelegate.m */ = {isa = PBXFileReference; fileEncoding = 4; lastKnownFileType = sourcecode.c.objc; path = AppDelegate.m; sourceTree = "<group>"; };
		CBD38C3521ABB26F0053AB48 /* FaceCore.hpp */ = {isa = PBXFileReference; fileEncoding = 4; lastKnownFileType = sourcecode.cpp.h; path = FaceCore.hpp; sourceTree = "<group>"; };
		CBD38C3821ABB26F0053AB48 /* FCCoreVisualService.h */ = {isa = PBXFileReference; fileEncoding = 4; lastKnownFileType = sourcecode.c.h; path = FCCoreVisualService.h; sourceTree = "<group>"; };
		CBD38C3921ABB26F0053AB48 /* FCCoreVisualService.mm */ = {isa = PBXFileReference; fileEncoding = 4; lastKnownFileType = sourcecode.cpp.objcpp; path = FCCoreVisualService.mm; sourceTree = "<group>"; };
		CBD38C3C21ABB26F0053AB48 /* FaceCore.cpp */ = {isa = PBXFileReference; fileEncoding = 4; lastKnownFileType = sourcecode.cpp.cpp; path = FaceCore.cpp; sourceTree = "<group>"; };
		CBD38C4421ABB26F0053AB48 /* ScissorViewController.h */ = {isa = PBXFileReference; fileEncoding = 4; lastKnownFileType = sourcecode.c.h; path = ScissorViewController.h; sourceTree = "<group>"; };
		CBD38C4521ABB26F0053AB48 /* FCMainViewController.m */ = {isa = PBXFileReference; fileEncoding = 4; lastKnownFileType = sourcecode.c.objc; path = FCMainViewController.m; sourceTree = "<group>"; };
		CBD38C4621ABB26F0053AB48 /* BaseViewController.m */ = {isa = PBXFileReference; fileEncoding = 4; lastKnownFileType = sourcecode.c.objc; path = BaseViewController.m; sourceTree = "<group>"; };
		CBD38C4721ABB26F0053AB48 /* FCMainViewController.h */ = {isa = PBXFileReference; fileEncoding = 4; lastKnownFileType = sourcecode.c.h; path = FCMainViewController.h; sourceTree = "<group>"; };
		CBD38C4821ABB26F0053AB48 /* ScissorViewController.m */ = {isa = PBXFileReference; fileEncoding = 4; lastKnownFileType = sourcecode.c.objc; path = ScissorViewController.m; sourceTree = "<group>"; };
		CBD38C4921ABB26F0053AB48 /* BaseViewController.h */ = {isa = PBXFileReference; fileEncoding = 4; lastKnownFileType = sourcecode.c.h; path = BaseViewController.h; sourceTree = "<group>"; };
		CBD38C4A21ABB26F0053AB48 /* FaceCameraHeader.pch */ = {isa = PBXFileReference; fileEncoding = 4; lastKnownFileType = sourcecode.c.h; path = FaceCameraHeader.pch; sourceTree = "<group>"; };
		CBD38C4E21ABB26F0053AB48 /* Base */ = {isa = PBXFileReference; lastKnownFileType = file.storyboard; name = Base; path = Base.lproj/LaunchScreen.storyboard; sourceTree = "<group>"; };
		CBD38C5021ABB26F0053AB48 /* Base */ = {isa = PBXFileReference; lastKnownFileType = file.storyboard; name = Base; path = Base.lproj/Main.storyboard; sourceTree = "<group>"; };
		CBD38C5221ABB26F0053AB48 /* whiskers.png */ = {isa = PBXFileReference; lastKnownFileType = image.png; path = whiskers.png; sourceTree = "<group>"; };
		CBD38C5321ABB26F0053AB48 /* shape_predictor_68_face_landmarks.dat */ = {isa = PBXFileReference; lastKnownFileType = file; path = shape_predictor_68_face_landmarks.dat; sourceTree = "<group>"; };
		CBD38C5421ABB26F0053AB48 /* lena.png */ = {isa = PBXFileReference; lastKnownFileType = image.png; path = lena.png; sourceTree = "<group>"; };
		CBD38C5521ABB26F0053AB48 /* rect.jpg */ = {isa = PBXFileReference; lastKnownFileType = image.jpeg; path = rect.jpg; sourceTree = "<group>"; };
		CBD38C5721ABB26F0053AB48 /* haarcascade_upperbody.xml */ = {isa = PBXFileReference; fileEncoding = 4; lastKnownFileType = text.xml; path = haarcascade_upperbody.xml; sourceTree = "<group>"; };
		CBD38C5821ABB26F0053AB48 /* haarcascade_frontalcatface_extended.xml */ = {isa = PBXFileReference; fileEncoding = 4; lastKnownFileType = text.xml; path = haarcascade_frontalcatface_extended.xml; sourceTree = "<group>"; };
		CBD38C5921ABB26F0053AB48 /* haarcascade_profileface.xml */ = {isa = PBXFileReference; fileEncoding = 4; lastKnownFileType = text.xml; path = haarcascade_profileface.xml; sourceTree = "<group>"; };
		CBD38C5A21ABB26F0053AB48 /* haarcascade_frontalcatface.xml */ = {isa = PBXFileReference; fileEncoding = 4; lastKnownFileType = text.xml; path = haarcascade_frontalcatface.xml; sourceTree = "<group>"; };
		CBD38C5B21ABB26F0053AB48 /* haarcascade_frontalface_alt2.xml */ = {isa = PBXFileReference; fileEncoding = 4; lastKnownFileType = text.xml; path = haarcascade_frontalface_alt2.xml; sourceTree = "<group>"; };
		CBD38C5C21ABB26F0053AB48 /* haarcascade_eye.xml */ = {isa = PBXFileReference; fileEncoding = 4; lastKnownFileType = text.xml; path = haarcascade_eye.xml; sourceTree = "<group>"; };
		CBD38C5D21ABB26F0053AB48 /* haarcascade_lefteye_2splits.xml */ = {isa = PBXFileReference; fileEncoding = 4; lastKnownFileType = text.xml; path = haarcascade_lefteye_2splits.xml; sourceTree = "<group>"; };
		CBD38C5E21ABB26F0053AB48 /* haarcascade_frontalface_alt_tree.xml */ = {isa = PBXFileReference; fileEncoding = 4; lastKnownFileType = text.xml; path = haarcascade_frontalface_alt_tree.xml; sourceTree = "<group>"; };
		CBD38C5F21ABB26F0053AB48 /* haarcascade_licence_plate_rus_16stages.xml */ = {isa = PBXFileReference; fileEncoding = 4; lastKnownFileType = text.xml; path = haarcascade_licence_plate_rus_16stages.xml; sourceTree = "<group>"; };
		CBD38C6021ABB26F0053AB48 /* haarcascade_righteye_2splits.xml */ = {isa = PBXFileReference; fileEncoding = 4; lastKnownFileType = text.xml; path = haarcascade_righteye_2splits.xml; sourceTree = "<group>"; };
		CBD38C6121ABB26F0053AB48 /* haarcascade_frontalface_alt.xml */ = {isa = PBXFileReference; fileEncoding = 4; lastKnownFileType = text.xml; path = haarcascade_frontalface_alt.xml; sourceTree = "<group>"; };
		CBD38C6221ABB26F0053AB48 /* haarcascade_lowerbody.xml */ = {isa = PBXFileReference; fileEncoding = 4; lastKnownFileType = text.xml; path = haarcascade_lowerbody.xml; sourceTree = "<group>"; };
		CBD38C6321ABB26F0053AB48 /* haarcascade_russian_plate_number.xml */ = {isa = PBXFileReference; fileEncoding = 4; lastKnownFileType = text.xml; path = haarcascade_russian_plate_number.xml; sourceTree = "<group>"; };
		CBD38C6421ABB26F0053AB48 /* haarcascade_frontalface_default.xml */ = {isa = PBXFileReference; fileEncoding = 4; lastKnownFileType = text.xml; path = haarcascade_frontalface_default.xml; sourceTree = "<group>"; };
		CBD38C6521ABB26F0053AB48 /* haarcascade_smile.xml */ = {isa = PBXFileReference; fileEncoding = 4; lastKnownFileType = text.xml; path = haarcascade_smile.xml; sourceTree = "<group>"; };
		CBD38C6621ABB26F0053AB48 /* haarcascade_fullbody.xml */ = {isa = PBXFileReference; fileEncoding = 4; lastKnownFileType = text.xml; path = haarcascade_fullbody.xml; sourceTree = "<group>"; };
		CBD38C6721ABB26F0053AB48 /* haarcascade_eye_tree_eyeglasses.xml */ = {isa = PBXFileReference; fileEncoding = 4; lastKnownFileType = text.xml; path = haarcascade_eye_tree_eyeglasses.xml; sourceTree = "<group>"; };
		CBD38C6821ABB26F0053AB48 /* lbfmodel.yaml */ = {isa = PBXFileReference; fileEncoding = 4; lastKnownFileType = text; path = lbfmodel.yaml; sourceTree = "<group>"; };
		CBD38C6921ABB26F0053AB48 /* Assets.xcassets */ = {isa = PBXFileReference; lastKnownFileType = folder.assetcatalog; path = Assets.xcassets; sourceTree = "<group>"; };
		CBD38C6A21ABB26F0053AB48 /* Info.plist */ = {isa = PBXFileReference; fileEncoding = 4; lastKnownFileType = text.plist.xml; path = Info.plist; sourceTree = "<group>"; };
		CBD38CA121AE6F1E0053AB48 /* MaskGLView.h */ = {isa = PBXFileReference; lastKnownFileType = sourcecode.c.h; path = MaskGLView.h; sourceTree = "<group>"; };
		CBD38CA221AE6F1E0053AB48 /* MaskGLView.mm */ = {isa = PBXFileReference; lastKnownFileType = sourcecode.cpp.objcpp; path = MaskGLView.mm; sourceTree = "<group>"; };
		CBD38CA421AE70470053AB48 /* GLKit.framework */ = {isa = PBXFileReference; lastKnownFileType = wrapper.framework; name = GLKit.framework; path = System/Library/Frameworks/GLKit.framework; sourceTree = SDKROOT; };
		CBD38CA721AE923A0053AB48 /* CosmeticCore.cpp */ = {isa = PBXFileReference; lastKnownFileType = sourcecode.cpp.cpp; path = CosmeticCore.cpp; sourceTree = "<group>"; };
		CBD38CA821AE923A0053AB48 /* CosmeticCore.hpp */ = {isa = PBXFileReference; lastKnownFileType = sourcecode.cpp.h; path = CosmeticCore.hpp; sourceTree = "<group>"; };
		CBD38CAA21AE943C0053AB48 /* Const.h */ = {isa = PBXFileReference; lastKnownFileType = sourcecode.c.h; path = Const.h; sourceTree = "<group>"; };
		CBD38D1B21AFD5EC0053AB48 /* sdm.app */ = {isa = PBXFileReference; explicitFileType = wrapper.application; includeInIndex = 0; path = sdm.app; sourceTree = BUILT_PRODUCTS_DIR; };
		CBD38D1D21AFD5EE0053AB48 /* AppDelegate.h */ = {isa = PBXFileReference; lastKnownFileType = sourcecode.c.h; path = AppDelegate.h; sourceTree = "<group>"; };
		CBD38D1E21AFD5EE0053AB48 /* AppDelegate.m */ = {isa = PBXFileReference; lastKnownFileType = sourcecode.c.objc; path = AppDelegate.m; sourceTree = "<group>"; };
		CBD38D2021AFD5EE0053AB48 /* ViewController.h */ = {isa = PBXFileReference; lastKnownFileType = sourcecode.c.h; path = ViewController.h; sourceTree = "<group>"; };
		CBD38D2121AFD5EE0053AB48 /* ViewController.mm */ = {isa = PBXFileReference; lastKnownFileType = sourcecode.cpp.objcpp; path = ViewController.mm; sourceTree = "<group>"; };
		CBD38D2421AFD5EE0053AB48 /* Base */ = {isa = PBXFileReference; lastKnownFileType = file.storyboard; name = Base; path = Base.lproj/Main.storyboard; sourceTree = "<group>"; };
		CBD38D2621AFD5F70053AB48 /* Assets.xcassets */ = {isa = PBXFileReference; lastKnownFileType = folder.assetcatalog; path = Assets.xcassets; sourceTree = "<group>"; };
		CBD38D2921AFD5F70053AB48 /* Base */ = {isa = PBXFileReference; lastKnownFileType = file.storyboard; name = Base; path = Base.lproj/LaunchScreen.storyboard; sourceTree = "<group>"; };
		CBD38D2B21AFD5F70053AB48 /* Info.plist */ = {isa = PBXFileReference; lastKnownFileType = text.plist.xml; path = Info.plist; sourceTree = "<group>"; };
		CBD38D2C21AFD5F70053AB48 /* main.m */ = {isa = PBXFileReference; lastKnownFileType = sourcecode.c.objc; path = main.m; sourceTree = "<group>"; };
		CBD38D3721AFD77D0053AB48 /* helper.h */ = {isa = PBXFileReference; fileEncoding = 4; lastKnownFileType = sourcecode.c.h; path = helper.h; sourceTree = "<group>"; };
		CBD38D3821AFD77D0053AB48 /* hog.c */ = {isa = PBXFileReference; fileEncoding = 4; lastKnownFileType = sourcecode.c.c; path = hog.c; sourceTree = "<group>"; };
		CBD38D7C21AFD77D0053AB48 /* helper.cpp */ = {isa = PBXFileReference; fileEncoding = 4; lastKnownFileType = sourcecode.cpp.cpp; path = helper.cpp; sourceTree = "<group>"; };
		CBD38D7D21AFD77D0053AB48 /* feature_descriptor.h */ = {isa = PBXFileReference; fileEncoding = 4; lastKnownFileType = sourcecode.c.h; path = feature_descriptor.h; sourceTree = "<group>"; };
		CBD38D7E21AFD77D0053AB48 /* hog.h */ = {isa = PBXFileReference; fileEncoding = 4; lastKnownFileType = sourcecode.c.h; path = hog.h; sourceTree = "<group>"; };
		CBD38D7F21AFD77D0053AB48 /* feature_descriptor.cpp */ = {isa = PBXFileReference; fileEncoding = 4; lastKnownFileType = sourcecode.cpp.cpp; path = feature_descriptor.cpp; sourceTree = "<group>"; };
		CBD38D8321AFD77D0053AB48 /* ldmarkmodel.cpp */ = {isa = PBXFileReference; fileEncoding = 4; lastKnownFileType = sourcecode.cpp.cpp; path = ldmarkmodel.cpp; sourceTree = "<group>"; };
		CBD38D8E21AFD7970053AB48 /* model */ = {isa = PBXFileReference; lastKnownFileType = folder; path = model; sourceTree = "<group>"; };
		CBD38D8F21AFD7970053AB48 /* include */ = {isa = PBXFileReference; lastKnownFileType = folder; path = include; sourceTree = "<group>"; };
		CBD38D9421AFE7C60053AB48 /* ldmarkmodel.h */ = {isa = PBXFileReference; lastKnownFileType = sourcecode.c.h; path = ldmarkmodel.h; sourceTree = "<group>"; };
		E5AAE4F91B468331EBCC8B0D /* Pods_FaceCameraTests.framework */ = {isa = PBXFileReference; explicitFileType = wrapper.framework; includeInIndex = 0; path = Pods_FaceCameraTests.framework; sourceTree = BUILT_PRODUCTS_DIR; };
		FE756E25B43340E2BB2F7284 /* Pods-FaceCameraTests.release.xcconfig */ = {isa = PBXFileReference; includeInIndex = 1; lastKnownFileType = text.xcconfig; name = "Pods-FaceCameraTests.release.xcconfig"; path = "Pods/Target Support Files/Pods-FaceCameraTests/Pods-FaceCameraTests.release.xcconfig"; sourceTree = "<group>"; };
/* End PBXFileReference section */

/* Begin PBXFrameworksBuildPhase section */
		CB83E1DE2129B02C00265D61 /* Frameworks */ = {
			isa = PBXFrameworksBuildPhase;
			buildActionMask = 2147483647;
			files = (
				CBD38CA521AE70470053AB48 /* GLKit.framework in Frameworks */,
				CB1143C521A3A5CF003CCB2E /* OpenGLES.framework in Frameworks */,
				CB9CB6912150959E00E687B9 /* Accelerate.framework in Frameworks */,
				CB83E216212A864E00265D61 /* CoreMedia.framework in Frameworks */,
				CB83E214212A861F00265D61 /* AVFoundation.framework in Frameworks */,
				CB1143C021A39F5A003CCB2E /* libdlib.a in Frameworks */,
				CD613F5D9B2D920DA7C181E6 /* Pods_FaceCamera.framework in Frameworks */,
				CBD38C9C21ABDC070053AB48 /* opencv2.framework in Frameworks */,
			);
			runOnlyForDeploymentPostprocessing = 0;
		};
		CB83E1F62129B03100265D61 /* Frameworks */ = {
			isa = PBXFrameworksBuildPhase;
			buildActionMask = 2147483647;
			files = (
				57901528EACF6EE9E17D0987 /* Pods_FaceCameraTests.framework in Frameworks */,
			);
			runOnlyForDeploymentPostprocessing = 0;
		};
		CBD38D1821AFD5EC0053AB48 /* Frameworks */ = {
			isa = PBXFrameworksBuildPhase;
			buildActionMask = 2147483647;
			files = (
				CBD38D9221AFDB980053AB48 /* AVFoundation.framework in Frameworks */,
				CBD38D3321AFD6350053AB48 /* CoreMedia.framework in Frameworks */,
				CBD38D3221AFD62B0053AB48 /* Accelerate.framework in Frameworks */,
				CBD38D3121AFD6210053AB48 /* opencv2.framework in Frameworks */,
			);
			runOnlyForDeploymentPostprocessing = 0;
		};
/* End PBXFrameworksBuildPhase section */

/* Begin PBXGroup section */
		CB83E1D82129B02C00265D61 = {
			isa = PBXGroup;
			children = (
				CBD38C1821ABB26E0053AB48 /* FaceCamera */,
				CBD38C1921ABB26E0053AB48 /* Tests */,
				CBD38D1C21AFD5EE0053AB48 /* sdm */,
				CB83E1E22129B02C00265D61 /* Products */,
				CB83E212212A861F00265D61 /* Frameworks */,
				FC5947AC70E9246B89CD933B /* Pods */,
			);
			sourceTree = "<group>";
		};
		CB83E1E22129B02C00265D61 /* Products */ = {
			isa = PBXGroup;
			children = (
				CB83E1E12129B02C00265D61 /* FaceCamera.app */,
				CB83E1F92129B03100265D61 /* FaceCameraTests.xctest */,
				CBD38D1B21AFD5EC0053AB48 /* sdm.app */,
			);
			name = Products;
			sourceTree = "<group>";
		};
		CB83E212212A861F00265D61 /* Frameworks */ = {
			isa = PBXGroup;
			children = (
				CBD38CA421AE70470053AB48 /* GLKit.framework */,
				CB1143C421A3A5CE003CCB2E /* OpenGLES.framework */,
				CB30CA682192B3F40012D84A /* opencv2.framework */,
				CB9CB68B214F753200E687B9 /* Accelerate.framework */,
				CB83E215212A864E00265D61 /* CoreMedia.framework */,
				CB83E213212A861F00265D61 /* AVFoundation.framework */,
				CB1143BF21A39F5A003CCB2E /* libdlib.a */,
				C2B697D72D3AA4A15B285C64 /* Pods_FaceCamera.framework */,
				E5AAE4F91B468331EBCC8B0D /* Pods_FaceCameraTests.framework */,
			);
			name = Frameworks;
			sourceTree = "<group>";
		};
		CBD38C1821ABB26E0053AB48 /* FaceCamera */ = {
			isa = PBXGroup;
			children = (
				CBD38CA621AE916B0053AB48 /* Cpp */,
				CBD38C1D21ABB26E0053AB48 /* Classes */,
				CBD38C4B21ABB26F0053AB48 /* Assets */,
				CBD38C4A21ABB26F0053AB48 /* FaceCameraHeader.pch */,
				CBD38C1C21ABB26E0053AB48 /* main.m */,
				CBD38C6A21ABB26F0053AB48 /* Info.plist */,
			);
			path = FaceCamera;
			sourceTree = "<group>";
		};
		CBD38C1921ABB26E0053AB48 /* Tests */ = {
			isa = PBXGroup;
			children = (
				CBD38C1A21ABB26E0053AB48 /* FaceCameraTests.m */,
				CBD38C1B21ABB26E0053AB48 /* Info.plist */,
			);
			path = Tests;
			sourceTree = "<group>";
		};
		CBD38C1D21ABB26E0053AB48 /* Classes */ = {
			isa = PBXGroup;
			children = (
				CBD38C2421ABB26F0053AB48 /* Component */,
				CBD38C3221ABB26F0053AB48 /* Service */,
				CBD38C4321ABB26F0053AB48 /* ViewController */,
				CBD38C1E21ABB26E0053AB48 /* AppDelegate.h */,
				CBD38C3121ABB26F0053AB48 /* AppDelegate.m */,
			);
			path = Classes;
			sourceTree = "<group>";
		};
		CBD38C2421ABB26F0053AB48 /* Component */ = {
			isa = PBXGroup;
			children = (
				CBD38C2521ABB26F0053AB48 /* Camera */,
				CBD38C2B21ABB26F0053AB48 /* view */,
			);
			path = Component;
			sourceTree = "<group>";
		};
		CBD38C2521ABB26F0053AB48 /* Camera */ = {
			isa = PBXGroup;
			children = (
				CBD38C2621ABB26F0053AB48 /* FaceCameraView.h */,
				CBD38C2821ABB26F0053AB48 /* FaceCameraView.m */,
				CBD38C2921ABB26F0053AB48 /* FaceCamera.h */,
				CBD38C2721ABB26F0053AB48 /* FaceCamera.m */,
				CBD38CA121AE6F1E0053AB48 /* MaskGLView.h */,
				CBD38CA221AE6F1E0053AB48 /* MaskGLView.mm */,
			);
			path = Camera;
			sourceTree = "<group>";
		};
		CBD38C2B21ABB26F0053AB48 /* view */ = {
			isa = PBXGroup;
			children = (
				CBD38C2C21ABB26F0053AB48 /* ScissorSwitch.h */,
				CBD38C2E21ABB26F0053AB48 /* ScissorSwitch.m */,
				CBD38C2D21ABB26F0053AB48 /* ShutterView.h */,
				CBD38C3021ABB26F0053AB48 /* ShutterView.m */,
			);
			path = view;
			sourceTree = "<group>";
		};
		CBD38C3221ABB26F0053AB48 /* Service */ = {
			isa = PBXGroup;
			children = (
				CBD38C3821ABB26F0053AB48 /* FCCoreVisualService.h */,
				CBD38C3921ABB26F0053AB48 /* FCCoreVisualService.mm */,
			);
			path = Service;
			sourceTree = "<group>";
		};
		CBD38C4321ABB26F0053AB48 /* ViewController */ = {
			isa = PBXGroup;
			children = (
				CBD38C4421ABB26F0053AB48 /* ScissorViewController.h */,
				CBD38C4821ABB26F0053AB48 /* ScissorViewController.m */,
				CBD38C4721ABB26F0053AB48 /* FCMainViewController.h */,
				CBD38C4521ABB26F0053AB48 /* FCMainViewController.m */,
				CBD38C4921ABB26F0053AB48 /* BaseViewController.h */,
				CBD38C4621ABB26F0053AB48 /* BaseViewController.m */,
			);
			path = ViewController;
			sourceTree = "<group>";
		};
		CBD38C4B21ABB26F0053AB48 /* Assets */ = {
			isa = PBXGroup;
			children = (
				CBD38C4C21ABB26F0053AB48 /* Storyboard */,
				CBD38C5121ABB26F0053AB48 /* Resources */,
				CBD38C6921ABB26F0053AB48 /* Assets.xcassets */,
			);
			path = Assets;
			sourceTree = "<group>";
		};
		CBD38C4C21ABB26F0053AB48 /* Storyboard */ = {
			isa = PBXGroup;
			children = (
				CBD38C4D21ABB26F0053AB48 /* LaunchScreen.storyboard */,
				CBD38C4F21ABB26F0053AB48 /* Main.storyboard */,
			);
			path = Storyboard;
			sourceTree = "<group>";
		};
		CBD38C5121ABB26F0053AB48 /* Resources */ = {
			isa = PBXGroup;
			children = (
				CBD38C5221ABB26F0053AB48 /* whiskers.png */,
				CBD38C5321ABB26F0053AB48 /* shape_predictor_68_face_landmarks.dat */,
				CBD38C5421ABB26F0053AB48 /* lena.png */,
				CBD38C5521ABB26F0053AB48 /* rect.jpg */,
				CBD38C5621ABB26F0053AB48 /* haarcascades */,
				CBD38C6821ABB26F0053AB48 /* lbfmodel.yaml */,
			);
			path = Resources;
			sourceTree = "<group>";
		};
		CBD38C5621ABB26F0053AB48 /* haarcascades */ = {
			isa = PBXGroup;
			children = (
				CBD38C5721ABB26F0053AB48 /* haarcascade_upperbody.xml */,
				CBD38C5821ABB26F0053AB48 /* haarcascade_frontalcatface_extended.xml */,
				CBD38C5921ABB26F0053AB48 /* haarcascade_profileface.xml */,
				CBD38C5A21ABB26F0053AB48 /* haarcascade_frontalcatface.xml */,
				CBD38C5B21ABB26F0053AB48 /* haarcascade_frontalface_alt2.xml */,
				CBD38C5C21ABB26F0053AB48 /* haarcascade_eye.xml */,
				CBD38C5D21ABB26F0053AB48 /* haarcascade_lefteye_2splits.xml */,
				CBD38C5E21ABB26F0053AB48 /* haarcascade_frontalface_alt_tree.xml */,
				CBD38C5F21ABB26F0053AB48 /* haarcascade_licence_plate_rus_16stages.xml */,
				CBD38C6021ABB26F0053AB48 /* haarcascade_righteye_2splits.xml */,
				CBD38C6121ABB26F0053AB48 /* haarcascade_frontalface_alt.xml */,
				CBD38C6221ABB26F0053AB48 /* haarcascade_lowerbody.xml */,
				CBD38C6321ABB26F0053AB48 /* haarcascade_russian_plate_number.xml */,
				CBD38C6421ABB26F0053AB48 /* haarcascade_frontalface_default.xml */,
				CBD38C6521ABB26F0053AB48 /* haarcascade_smile.xml */,
				CBD38C6621ABB26F0053AB48 /* haarcascade_fullbody.xml */,
				CBD38C6721ABB26F0053AB48 /* haarcascade_eye_tree_eyeglasses.xml */,
			);
			path = haarcascades;
			sourceTree = "<group>";
		};
		CBD38CA621AE916B0053AB48 /* Cpp */ = {
			isa = PBXGroup;
			children = (
				CBD38C3521ABB26F0053AB48 /* FaceCore.hpp */,
				CBD38C3C21ABB26F0053AB48 /* FaceCore.cpp */,
				CBD38CA821AE923A0053AB48 /* CosmeticCore.hpp */,
				CBD38CA721AE923A0053AB48 /* CosmeticCore.cpp */,
				CBD38CAA21AE943C0053AB48 /* Const.h */,
			);
			path = Cpp;
			sourceTree = "<group>";
		};
		CBD38D1C21AFD5EE0053AB48 /* sdm */ = {
			isa = PBXGroup;
			children = (
				CBD38D3621AFD77D0053AB48 /* libs */,
				CBD38D1D21AFD5EE0053AB48 /* AppDelegate.h */,
				CBD38D1E21AFD5EE0053AB48 /* AppDelegate.m */,
				CBD38D2021AFD5EE0053AB48 /* ViewController.h */,
				CBD38D2121AFD5EE0053AB48 /* ViewController.mm */,
				CBD38D2321AFD5EE0053AB48 /* Main.storyboard */,
				CBD38D2621AFD5F70053AB48 /* Assets.xcassets */,
				CBD38D2821AFD5F70053AB48 /* LaunchScreen.storyboard */,
				CBD38D2B21AFD5F70053AB48 /* Info.plist */,
				CBD38D2C21AFD5F70053AB48 /* main.m */,
			);
			path = sdm;
			sourceTree = "<group>";
		};
		CBD38D3621AFD77D0053AB48 /* libs */ = {
			isa = PBXGroup;
			children = (
				CBD38D8F21AFD7970053AB48 /* include */,
				CBD38D8E21AFD7970053AB48 /* model */,
				CBD38D3721AFD77D0053AB48 /* helper.h */,
				CBD38D7C21AFD77D0053AB48 /* helper.cpp */,
				CBD38D7E21AFD77D0053AB48 /* hog.h */,
				CBD38D3821AFD77D0053AB48 /* hog.c */,
				CBD38D7D21AFD77D0053AB48 /* feature_descriptor.h */,
				CBD38D7F21AFD77D0053AB48 /* feature_descriptor.cpp */,
				CBD38D9421AFE7C60053AB48 /* ldmarkmodel.h */,
				CBD38D8321AFD77D0053AB48 /* ldmarkmodel.cpp */,
			);
			path = libs;
			sourceTree = "<group>";
		};
		FC5947AC70E9246B89CD933B /* Pods */ = {
			isa = PBXGroup;
			children = (
				3E5034F44BC9D7546E9BA6A3 /* Pods-FaceCamera.debug.xcconfig */,
				3655F56439603010EA80AE64 /* Pods-FaceCamera.release.xcconfig */,
				781422FDF7EE27FF8A901E4C /* Pods-FaceCameraTests.debug.xcconfig */,
				FE756E25B43340E2BB2F7284 /* Pods-FaceCameraTests.release.xcconfig */,
			);
			name = Pods;
			sourceTree = "<group>";
		};
/* End PBXGroup section */

/* Begin PBXNativeTarget section */
		CB83E1E02129B02C00265D61 /* FaceCamera */ = {
			isa = PBXNativeTarget;
			buildConfigurationList = CB83E2022129B03100265D61 /* Build configuration list for PBXNativeTarget "FaceCamera" */;
			buildPhases = (
				AE41E318DD89D5F650A4A04F /* [CP] Check Pods Manifest.lock */,
				CB83E1DD2129B02C00265D61 /* Sources */,
				CB83E1DE2129B02C00265D61 /* Frameworks */,
				CB83E1DF2129B02C00265D61 /* Resources */,
				2532FCE4931B8D4047D865DC /* [CP] Embed Pods Frameworks */,
			);
			buildRules = (
			);
			dependencies = (
			);
			name = FaceCamera;
			productName = BikaCamera;
			productReference = CB83E1E12129B02C00265D61 /* FaceCamera.app */;
			productType = "com.apple.product-type.application";
		};
		CB83E1F82129B03100265D61 /* FaceCameraTests */ = {
			isa = PBXNativeTarget;
			buildConfigurationList = CB83E2052129B03100265D61 /* Build configuration list for PBXNativeTarget "FaceCameraTests" */;
			buildPhases = (
				CA4BE86BC347ADC413B29860 /* [CP] Check Pods Manifest.lock */,
				CB83E1F52129B03100265D61 /* Sources */,
				CB83E1F62129B03100265D61 /* Frameworks */,
				CB83E1F72129B03100265D61 /* Resources */,
			);
			buildRules = (
			);
			dependencies = (
				CB83E1FB2129B03100265D61 /* PBXTargetDependency */,
			);
			name = FaceCameraTests;
			productName = BikaCameraTests;
			productReference = CB83E1F92129B03100265D61 /* FaceCameraTests.xctest */;
			productType = "com.apple.product-type.bundle.unit-test";
		};
		CBD38D1A21AFD5EC0053AB48 /* sdm */ = {
			isa = PBXNativeTarget;
			buildConfigurationList = CBD38D3021AFD5F70053AB48 /* Build configuration list for PBXNativeTarget "sdm" */;
			buildPhases = (
				CBD38D1721AFD5EC0053AB48 /* Sources */,
				CBD38D1821AFD5EC0053AB48 /* Frameworks */,
				CBD38D1921AFD5EC0053AB48 /* Resources */,
			);
			buildRules = (
			);
			dependencies = (
			);
			name = sdm;
			productName = sdm;
			productReference = CBD38D1B21AFD5EC0053AB48 /* sdm.app */;
			productType = "com.apple.product-type.application";
		};
/* End PBXNativeTarget section */

/* Begin PBXProject section */
		CB83E1D92129B02C00265D61 /* Project object */ = {
			isa = PBXProject;
			attributes = {
				LastUpgradeCheck = 0940;
				ORGANIZATIONNAME = zcat;
				TargetAttributes = {
					CB83E1E02129B02C00265D61 = {
						CreatedOnToolsVersion = 9.4.1;
					};
					CB83E1F82129B03100265D61 = {
						CreatedOnToolsVersion = 9.4.1;
						TestTargetID = CB83E1E02129B02C00265D61;
					};
					CBD38D1A21AFD5EC0053AB48 = {
						CreatedOnToolsVersion = 10.1;
					};
				};
			};
			buildConfigurationList = CB83E1DC2129B02C00265D61 /* Build configuration list for PBXProject "FaceCamera" */;
			compatibilityVersion = "Xcode 9.3";
			developmentRegion = en;
			hasScannedForEncodings = 0;
			knownRegions = (
				en,
				Base,
			);
			mainGroup = CB83E1D82129B02C00265D61;
			productRefGroup = CB83E1E22129B02C00265D61 /* Products */;
			projectDirPath = "";
			projectRoot = "";
			targets = (
				CB83E1E02129B02C00265D61 /* FaceCamera */,
				CB83E1F82129B03100265D61 /* FaceCameraTests */,
				CBD38D1A21AFD5EC0053AB48 /* sdm */,
			);
		};
/* End PBXProject section */

/* Begin PBXResourcesBuildPhase section */
		CB83E1DF2129B02C00265D61 /* Resources */ = {
			isa = PBXResourcesBuildPhase;
			buildActionMask = 2147483647;
			files = (
				CBD38C8121ABB26F0053AB48 /* Main.storyboard in Resources */,
				CBD38C9121ABB26F0053AB48 /* haarcascade_lowerbody.xml in Resources */,
				CBD38C8821ABB26F0053AB48 /* haarcascade_profileface.xml in Resources */,
				CBD38C9721ABB26F0053AB48 /* lbfmodel.yaml in Resources */,
				CBD38C8921ABB26F0053AB48 /* haarcascade_frontalcatface.xml in Resources */,
				CBD38C9221ABB26F0053AB48 /* haarcascade_russian_plate_number.xml in Resources */,
				CBD38C9821ABB26F0053AB48 /* Assets.xcassets in Resources */,
				CBD38C8D21ABB26F0053AB48 /* haarcascade_frontalface_alt_tree.xml in Resources */,
				CBD38C8B21ABB26F0053AB48 /* haarcascade_eye.xml in Resources */,
				CBD38C8621ABB26F0053AB48 /* haarcascade_upperbody.xml in Resources */,
				CBD38C8E21ABB26F0053AB48 /* haarcascade_licence_plate_rus_16stages.xml in Resources */,
				CBD38C9421ABB26F0053AB48 /* haarcascade_smile.xml in Resources */,
				CBD38C8C21ABB26F0053AB48 /* haarcascade_lefteye_2splits.xml in Resources */,
				CBD38C8F21ABB26F0053AB48 /* haarcascade_righteye_2splits.xml in Resources */,
				CBD38C8721ABB26F0053AB48 /* haarcascade_frontalcatface_extended.xml in Resources */,
				CBD38C8A21ABB26F0053AB48 /* haarcascade_frontalface_alt2.xml in Resources */,
				CBD38C9521ABB26F0053AB48 /* haarcascade_fullbody.xml in Resources */,
				CBD38C8021ABB26F0053AB48 /* LaunchScreen.storyboard in Resources */,
				CBD38C8221ABB26F0053AB48 /* whiskers.png in Resources */,
				CBD38C9321ABB26F0053AB48 /* haarcascade_frontalface_default.xml in Resources */,
				CBD38C8321ABB26F0053AB48 /* shape_predictor_68_face_landmarks.dat in Resources */,
				CBD38C8521ABB26F0053AB48 /* rect.jpg in Resources */,
				CBD38C9021ABB26F0053AB48 /* haarcascade_frontalface_alt.xml in Resources */,
				CBD38C8421ABB26F0053AB48 /* lena.png in Resources */,
				CBD38C9621ABB26F0053AB48 /* haarcascade_eye_tree_eyeglasses.xml in Resources */,
			);
			runOnlyForDeploymentPostprocessing = 0;
		};
		CB83E1F72129B03100265D61 /* Resources */ = {
			isa = PBXResourcesBuildPhase;
			buildActionMask = 2147483647;
			files = (
				CBD38C9A21ABD7C80053AB48 /* Info.plist in Resources */,
			);
			runOnlyForDeploymentPostprocessing = 0;
		};
		CBD38D1921AFD5EC0053AB48 /* Resources */ = {
			isa = PBXResourcesBuildPhase;
			buildActionMask = 2147483647;
			files = (
				CBD38D2A21AFD5F70053AB48 /* LaunchScreen.storyboard in Resources */,
				CBD38D2721AFD5F70053AB48 /* Assets.xcassets in Resources */,
				CBD38D9021AFD7970053AB48 /* model in Resources */,
				CBD38D9121AFD7970053AB48 /* include in Resources */,
				CBD38D2521AFD5EE0053AB48 /* Main.storyboard in Resources */,
			);
			runOnlyForDeploymentPostprocessing = 0;
		};
/* End PBXResourcesBuildPhase section */

/* Begin PBXShellScriptBuildPhase section */
		2532FCE4931B8D4047D865DC /* [CP] Embed Pods Frameworks */ = {
			isa = PBXShellScriptBuildPhase;
			buildActionMask = 2147483647;
			files = (
			);
			inputFileListPaths = (
			);
			inputPaths = (
				"${SRCROOT}/Pods/Target Support Files/Pods-FaceCamera/Pods-FaceCamera-frameworks.sh",
				"${BUILT_PRODUCTS_DIR}/Masonry/Masonry.framework",
			);
			name = "[CP] Embed Pods Frameworks";
			outputFileListPaths = (
			);
			outputPaths = (
				"${TARGET_BUILD_DIR}/${FRAMEWORKS_FOLDER_PATH}/Masonry.framework",
			);
			runOnlyForDeploymentPostprocessing = 0;
			shellPath = /bin/sh;
			shellScript = "\"${SRCROOT}/Pods/Target Support Files/Pods-FaceCamera/Pods-FaceCamera-frameworks.sh\"\n";
			showEnvVarsInLog = 0;
		};
		AE41E318DD89D5F650A4A04F /* [CP] Check Pods Manifest.lock */ = {
			isa = PBXShellScriptBuildPhase;
			buildActionMask = 2147483647;
			files = (
			);
			inputFileListPaths = (
			);
			inputPaths = (
				"${PODS_PODFILE_DIR_PATH}/Podfile.lock",
				"${PODS_ROOT}/Manifest.lock",
			);
			name = "[CP] Check Pods Manifest.lock";
			outputFileListPaths = (
			);
			outputPaths = (
				"$(DERIVED_FILE_DIR)/Pods-FaceCamera-checkManifestLockResult.txt",
			);
			runOnlyForDeploymentPostprocessing = 0;
			shellPath = /bin/sh;
			shellScript = "diff \"${PODS_PODFILE_DIR_PATH}/Podfile.lock\" \"${PODS_ROOT}/Manifest.lock\" > /dev/null\nif [ $? != 0 ] ; then\n    # print error to STDERR\n    echo \"error: The sandbox is not in sync with the Podfile.lock. Run 'pod install' or update your CocoaPods installation.\" >&2\n    exit 1\nfi\n# This output is used by Xcode 'outputs' to avoid re-running this script phase.\necho \"SUCCESS\" > \"${SCRIPT_OUTPUT_FILE_0}\"\n";
			showEnvVarsInLog = 0;
		};
		CA4BE86BC347ADC413B29860 /* [CP] Check Pods Manifest.lock */ = {
			isa = PBXShellScriptBuildPhase;
			buildActionMask = 2147483647;
			files = (
			);
			inputFileListPaths = (
			);
			inputPaths = (
				"${PODS_PODFILE_DIR_PATH}/Podfile.lock",
				"${PODS_ROOT}/Manifest.lock",
			);
			name = "[CP] Check Pods Manifest.lock";
			outputFileListPaths = (
			);
			outputPaths = (
				"$(DERIVED_FILE_DIR)/Pods-FaceCameraTests-checkManifestLockResult.txt",
			);
			runOnlyForDeploymentPostprocessing = 0;
			shellPath = /bin/sh;
			shellScript = "diff \"${PODS_PODFILE_DIR_PATH}/Podfile.lock\" \"${PODS_ROOT}/Manifest.lock\" > /dev/null\nif [ $? != 0 ] ; then\n    # print error to STDERR\n    echo \"error: The sandbox is not in sync with the Podfile.lock. Run 'pod install' or update your CocoaPods installation.\" >&2\n    exit 1\nfi\n# This output is used by Xcode 'outputs' to avoid re-running this script phase.\necho \"SUCCESS\" > \"${SCRIPT_OUTPUT_FILE_0}\"\n";
			showEnvVarsInLog = 0;
		};
/* End PBXShellScriptBuildPhase section */

/* Begin PBXSourcesBuildPhase section */
		CB83E1DD2129B02C00265D61 /* Sources */ = {
			isa = PBXSourcesBuildPhase;
			buildActionMask = 2147483647;
			files = (
				CBD38CA321AE6F1E0053AB48 /* MaskGLView.mm in Sources */,
				CBD38CA921AE923A0053AB48 /* CosmeticCore.cpp in Sources */,
				CBD38C7E21ABB26F0053AB48 /* BaseViewController.m in Sources */,
				CBD38C7121ABB26F0053AB48 /* FaceCameraView.m in Sources */,
				CBD38C7421ABB26F0053AB48 /* ShutterView.m in Sources */,
				CBD38C7521ABB26F0053AB48 /* AppDelegate.m in Sources */,
				CBD38C6D21ABB26F0053AB48 /* main.m in Sources */,
				CBD38C7D21ABB26F0053AB48 /* FCMainViewController.m in Sources */,
				CBD38C7921ABB26F0053AB48 /* FCCoreVisualService.mm in Sources */,
				CBD38C7F21ABB26F0053AB48 /* ScissorViewController.m in Sources */,
				CBD38C7021ABB26F0053AB48 /* FaceCamera.m in Sources */,
				CBD38C7A21ABB26F0053AB48 /* FaceCore.cpp in Sources */,
			);
			runOnlyForDeploymentPostprocessing = 0;
		};
		CB83E1F52129B03100265D61 /* Sources */ = {
			isa = PBXSourcesBuildPhase;
			buildActionMask = 2147483647;
			files = (
				CBD38C9B21ABD7D00053AB48 /* FaceCameraTests.m in Sources */,
			);
			runOnlyForDeploymentPostprocessing = 0;
		};
		CBD38D1721AFD5EC0053AB48 /* Sources */ = {
			isa = PBXSourcesBuildPhase;
			buildActionMask = 2147483647;
			files = (
				CBD38D8521AFD77D0053AB48 /* hog.c in Sources */,
				CBD38D8A21AFD77D0053AB48 /* feature_descriptor.cpp in Sources */,
				CBD38D2221AFD5EE0053AB48 /* ViewController.mm in Sources */,
				CBD38D8921AFD77D0053AB48 /* helper.cpp in Sources */,
				CBD38D8D21AFD77D0053AB48 /* ldmarkmodel.cpp in Sources */,
				CBD38D2D21AFD5F70053AB48 /* main.m in Sources */,
				CBD38D1F21AFD5EE0053AB48 /* AppDelegate.m in Sources */,
				CBD38D9521B0E47B0053AB48 /* FaceCamera.m in Sources */,
			);
			runOnlyForDeploymentPostprocessing = 0;
		};
/* End PBXSourcesBuildPhase section */

/* Begin PBXTargetDependency section */
		CB83E1FB2129B03100265D61 /* PBXTargetDependency */ = {
			isa = PBXTargetDependency;
			target = CB83E1E02129B02C00265D61 /* FaceCamera */;
			targetProxy = CB83E1FA2129B03100265D61 /* PBXContainerItemProxy */;
		};
/* End PBXTargetDependency section */

/* Begin PBXVariantGroup section */
		CBD38C4D21ABB26F0053AB48 /* LaunchScreen.storyboard */ = {
			isa = PBXVariantGroup;
			children = (
				CBD38C4E21ABB26F0053AB48 /* Base */,
			);
			name = LaunchScreen.storyboard;
			sourceTree = "<group>";
		};
		CBD38C4F21ABB26F0053AB48 /* Main.storyboard */ = {
			isa = PBXVariantGroup;
			children = (
				CBD38C5021ABB26F0053AB48 /* Base */,
			);
			name = Main.storyboard;
			sourceTree = "<group>";
		};
		CBD38D2321AFD5EE0053AB48 /* Main.storyboard */ = {
			isa = PBXVariantGroup;
			children = (
				CBD38D2421AFD5EE0053AB48 /* Base */,
			);
			name = Main.storyboard;
			sourceTree = "<group>";
		};
		CBD38D2821AFD5F70053AB48 /* LaunchScreen.storyboard */ = {
			isa = PBXVariantGroup;
			children = (
				CBD38D2921AFD5F70053AB48 /* Base */,
			);
			name = LaunchScreen.storyboard;
			sourceTree = "<group>";
		};
/* End PBXVariantGroup section */

/* Begin XCBuildConfiguration section */
		CB83E2002129B03100265D61 /* Debug */ = {
			isa = XCBuildConfiguration;
			buildSettings = {
				ALWAYS_SEARCH_USER_PATHS = NO;
				CLANG_ANALYZER_NONNULL = YES;
				CLANG_ANALYZER_NUMBER_OBJECT_CONVERSION = YES_AGGRESSIVE;
				CLANG_CXX_LANGUAGE_STANDARD = "gnu++14";
				CLANG_CXX_LIBRARY = "libc++";
				CLANG_ENABLE_MODULES = YES;
				CLANG_ENABLE_OBJC_ARC = YES;
				CLANG_ENABLE_OBJC_WEAK = YES;
				CLANG_WARN_BLOCK_CAPTURE_AUTORELEASING = YES;
				CLANG_WARN_BOOL_CONVERSION = YES;
				CLANG_WARN_COMMA = YES;
				CLANG_WARN_CONSTANT_CONVERSION = YES;
				CLANG_WARN_DEPRECATED_OBJC_IMPLEMENTATIONS = YES;
				CLANG_WARN_DIRECT_OBJC_ISA_USAGE = YES_ERROR;
				CLANG_WARN_DOCUMENTATION_COMMENTS = YES;
				CLANG_WARN_EMPTY_BODY = YES;
				CLANG_WARN_ENUM_CONVERSION = YES;
				CLANG_WARN_INFINITE_RECURSION = YES;
				CLANG_WARN_INT_CONVERSION = YES;
				CLANG_WARN_NON_LITERAL_NULL_CONVERSION = YES;
				CLANG_WARN_OBJC_IMPLICIT_RETAIN_SELF = YES;
				CLANG_WARN_OBJC_LITERAL_CONVERSION = YES;
				CLANG_WARN_OBJC_ROOT_CLASS = YES_ERROR;
				CLANG_WARN_RANGE_LOOP_ANALYSIS = YES;
				CLANG_WARN_STRICT_PROTOTYPES = YES;
				CLANG_WARN_SUSPICIOUS_MOVE = YES;
				CLANG_WARN_UNGUARDED_AVAILABILITY = YES_AGGRESSIVE;
				CLANG_WARN_UNREACHABLE_CODE = YES;
				CLANG_WARN__DUPLICATE_METHOD_MATCH = YES;
				CODE_SIGN_IDENTITY = "iPhone Developer";
				COPY_PHASE_STRIP = NO;
				DEBUG_INFORMATION_FORMAT = dwarf;
				ENABLE_STRICT_OBJC_MSGSEND = YES;
				ENABLE_TESTABILITY = YES;
				GCC_C_LANGUAGE_STANDARD = gnu11;
				GCC_DYNAMIC_NO_PIC = NO;
				GCC_NO_COMMON_BLOCKS = YES;
				GCC_OPTIMIZATION_LEVEL = 0;
				GCC_PREPROCESSOR_DEFINITIONS = (
					"DEBUG=1",
					"$(inherited)",
				);
				GCC_WARN_64_TO_32_BIT_CONVERSION = YES;
				GCC_WARN_ABOUT_RETURN_TYPE = YES_ERROR;
				GCC_WARN_UNDECLARED_SELECTOR = YES;
				GCC_WARN_UNINITIALIZED_AUTOS = YES_AGGRESSIVE;
				GCC_WARN_UNUSED_FUNCTION = YES;
				GCC_WARN_UNUSED_VARIABLE = YES;
				IPHONEOS_DEPLOYMENT_TARGET = 11.4;
				MTL_ENABLE_DEBUG_INFO = YES;
				ONLY_ACTIVE_ARCH = YES;
				SDKROOT = iphoneos;
			};
			name = Debug;
		};
		CB83E2012129B03100265D61 /* Release */ = {
			isa = XCBuildConfiguration;
			buildSettings = {
				ALWAYS_SEARCH_USER_PATHS = NO;
				CLANG_ANALYZER_NONNULL = YES;
				CLANG_ANALYZER_NUMBER_OBJECT_CONVERSION = YES_AGGRESSIVE;
				CLANG_CXX_LANGUAGE_STANDARD = "gnu++14";
				CLANG_CXX_LIBRARY = "libc++";
				CLANG_ENABLE_MODULES = YES;
				CLANG_ENABLE_OBJC_ARC = YES;
				CLANG_ENABLE_OBJC_WEAK = YES;
				CLANG_WARN_BLOCK_CAPTURE_AUTORELEASING = YES;
				CLANG_WARN_BOOL_CONVERSION = YES;
				CLANG_WARN_COMMA = YES;
				CLANG_WARN_CONSTANT_CONVERSION = YES;
				CLANG_WARN_DEPRECATED_OBJC_IMPLEMENTATIONS = YES;
				CLANG_WARN_DIRECT_OBJC_ISA_USAGE = YES_ERROR;
				CLANG_WARN_DOCUMENTATION_COMMENTS = YES;
				CLANG_WARN_EMPTY_BODY = YES;
				CLANG_WARN_ENUM_CONVERSION = YES;
				CLANG_WARN_INFINITE_RECURSION = YES;
				CLANG_WARN_INT_CONVERSION = YES;
				CLANG_WARN_NON_LITERAL_NULL_CONVERSION = YES;
				CLANG_WARN_OBJC_IMPLICIT_RETAIN_SELF = YES;
				CLANG_WARN_OBJC_LITERAL_CONVERSION = YES;
				CLANG_WARN_OBJC_ROOT_CLASS = YES_ERROR;
				CLANG_WARN_RANGE_LOOP_ANALYSIS = YES;
				CLANG_WARN_STRICT_PROTOTYPES = YES;
				CLANG_WARN_SUSPICIOUS_MOVE = YES;
				CLANG_WARN_UNGUARDED_AVAILABILITY = YES_AGGRESSIVE;
				CLANG_WARN_UNREACHABLE_CODE = YES;
				CLANG_WARN__DUPLICATE_METHOD_MATCH = YES;
				CODE_SIGN_IDENTITY = "iPhone Developer";
				COPY_PHASE_STRIP = NO;
				DEBUG_INFORMATION_FORMAT = "dwarf-with-dsym";
				ENABLE_NS_ASSERTIONS = NO;
				ENABLE_STRICT_OBJC_MSGSEND = YES;
				GCC_C_LANGUAGE_STANDARD = gnu11;
				GCC_NO_COMMON_BLOCKS = YES;
				GCC_WARN_64_TO_32_BIT_CONVERSION = YES;
				GCC_WARN_ABOUT_RETURN_TYPE = YES_ERROR;
				GCC_WARN_UNDECLARED_SELECTOR = YES;
				GCC_WARN_UNINITIALIZED_AUTOS = YES_AGGRESSIVE;
				GCC_WARN_UNUSED_FUNCTION = YES;
				GCC_WARN_UNUSED_VARIABLE = YES;
				IPHONEOS_DEPLOYMENT_TARGET = 11.4;
				MTL_ENABLE_DEBUG_INFO = NO;
				SDKROOT = iphoneos;
				VALIDATE_PRODUCT = YES;
			};
			name = Release;
		};
		CB83E2032129B03100265D61 /* Debug */ = {
			isa = XCBuildConfiguration;
			baseConfigurationReference = 3E5034F44BC9D7546E9BA6A3 /* Pods-FaceCamera.debug.xcconfig */;
			buildSettings = {
				ASSETCATALOG_COMPILER_APPICON_NAME = AppIcon;
				CLANG_CXX_LANGUAGE_STANDARD = "c++0x";
				CLANG_CXX_LIBRARY = "libc++";
				CLANG_WARN_DOCUMENTATION_COMMENTS = NO;
				CODE_SIGN_STYLE = Automatic;
				DEVELOPMENT_TEAM = 9UK6KA2LHR;
				ENABLE_STRICT_OBJC_MSGSEND = NO;
				FRAMEWORK_SEARCH_PATHS = (
					"$(inherited)",
					"$(PROJECT_DIR)/Frameworks",
				);
				GCC_C_LANGUAGE_STANDARD = gnu11;
				GCC_OPTIMIZATION_LEVEL = 0;
				GCC_PREFIX_HEADER = FaceCamera/FaceCameraHeader.pch;
				GCC_PREPROCESSOR_DEFINITIONS = (
					DLIB_JPEG_SUPPORT,
					DLIB_NO_GUI_SUPPORT,
					NDEBUG,
					DLIB_USE_BLAS,
					DLIB_USE_LAPACK,
				);
				HEADER_SEARCH_PATHS = "$(PROJECT_DIR)/Frameworks/dlib";
				INFOPLIST_FILE = "$(SRCROOT)/FaceCamera/Info.plist";
				IPHONEOS_DEPLOYMENT_TARGET = 9.3;
				LD_RUNPATH_SEARCH_PATHS = (
					"$(inherited)",
					"@executable_path/Frameworks",
				);
				LIBRARY_SEARCH_PATHS = (
					"$(inherited)",
					"$(PROJECT_DIR)/Frameworks/dlib",
				);
				PRODUCT_BUNDLE_IDENTIFIER = org.zcating.FaceCamera;
				PRODUCT_NAME = "$(TARGET_NAME)";
				TARGETED_DEVICE_FAMILY = "1,2";
			};
			name = Debug;
		};
		CB83E2042129B03100265D61 /* Release */ = {
			isa = XCBuildConfiguration;
			baseConfigurationReference = 3655F56439603010EA80AE64 /* Pods-FaceCamera.release.xcconfig */;
			buildSettings = {
				ASSETCATALOG_COMPILER_APPICON_NAME = AppIcon;
				CLANG_CXX_LANGUAGE_STANDARD = "c++0x";
				CLANG_CXX_LIBRARY = "libc++";
				CLANG_WARN_DOCUMENTATION_COMMENTS = NO;
				CODE_SIGN_STYLE = Automatic;
				DEVELOPMENT_TEAM = 9UK6KA2LHR;
				ENABLE_STRICT_OBJC_MSGSEND = NO;
				FRAMEWORK_SEARCH_PATHS = (
					"$(inherited)",
					"$(PROJECT_DIR)/Frameworks",
				);
				GCC_C_LANGUAGE_STANDARD = gnu11;
				GCC_PREFIX_HEADER = FaceCamera/FaceCameraHeader.pch;
				GCC_PREPROCESSOR_DEFINITIONS = (
					DLIB_JPEG_SUPPORT,
					DLIB_NO_GUI_SUPPORT,
					NDEBUG,
					DLIB_USE_BLAS,
					DLIB_USE_LAPACK,
				);
				HEADER_SEARCH_PATHS = "$(PROJECT_DIR)/Frameworks/dlib";
				INFOPLIST_FILE = "$(SRCROOT)/FaceCamera/Info.plist";
				IPHONEOS_DEPLOYMENT_TARGET = 9.3;
				LD_RUNPATH_SEARCH_PATHS = (
					"$(inherited)",
					"@executable_path/Frameworks",
				);
				LIBRARY_SEARCH_PATHS = (
					"$(inherited)",
					"$(PROJECT_DIR)/Frameworks/dlib",
				);
				PRODUCT_BUNDLE_IDENTIFIER = org.zcating.FaceCamera;
				PRODUCT_NAME = "$(TARGET_NAME)";
				TARGETED_DEVICE_FAMILY = "1,2";
			};
			name = Release;
		};
		CB83E2062129B03100265D61 /* Debug */ = {
			isa = XCBuildConfiguration;
			baseConfigurationReference = 781422FDF7EE27FF8A901E4C /* Pods-FaceCameraTests.debug.xcconfig */;
			buildSettings = {
				BUNDLE_LOADER = "$(TEST_HOST)";
				CODE_SIGN_STYLE = Automatic;
				DEVELOPMENT_TEAM = 9UK6KA2LHR;
				INFOPLIST_FILE = BikaCameraTests/Info.plist;
				LD_RUNPATH_SEARCH_PATHS = (
					"$(inherited)",
					"@executable_path/Frameworks",
					"@loader_path/Frameworks",
				);
				PRODUCT_BUNDLE_IDENTIFIER = org.zcating.BikaCameraTests;
				PRODUCT_NAME = "$(TARGET_NAME)";
				TARGETED_DEVICE_FAMILY = "1,2";
				TEST_HOST = "$(BUILT_PRODUCTS_DIR)/FaceCamera.app/FaceCamera";
			};
			name = Debug;
		};
		CB83E2072129B03100265D61 /* Release */ = {
			isa = XCBuildConfiguration;
			baseConfigurationReference = FE756E25B43340E2BB2F7284 /* Pods-FaceCameraTests.release.xcconfig */;
			buildSettings = {
				BUNDLE_LOADER = "$(TEST_HOST)";
				CODE_SIGN_STYLE = Automatic;
				DEVELOPMENT_TEAM = 9UK6KA2LHR;
				INFOPLIST_FILE = BikaCameraTests/Info.plist;
				LD_RUNPATH_SEARCH_PATHS = (
					"$(inherited)",
					"@executable_path/Frameworks",
					"@loader_path/Frameworks",
				);
				PRODUCT_BUNDLE_IDENTIFIER = org.zcating.BikaCameraTests;
				PRODUCT_NAME = "$(TARGET_NAME)";
				TARGETED_DEVICE_FAMILY = "1,2";
				TEST_HOST = "$(BUILT_PRODUCTS_DIR)/FaceCamera.app/FaceCamera";
			};
			name = Release;
		};
		CBD38D2E21AFD5F70053AB48 /* Debug */ = {
			isa = XCBuildConfiguration;
			buildSettings = {
				ASSETCATALOG_COMPILER_APPICON_NAME = AppIcon;
				CODE_SIGN_STYLE = Manual;
				DEVELOPMENT_TEAM = TRFUN237XD;
				FRAMEWORK_SEARCH_PATHS = (
					"$(inherited)",
					"$(PROJECT_DIR)/Frameworks",
				);
				HEADER_SEARCH_PATHS = "$(PROJECT_DIR)/sdm/libs/include";
				INFOPLIST_FILE = sdm/Info.plist;
				IPHONEOS_DEPLOYMENT_TARGET = 9.0;
				LD_RUNPATH_SEARCH_PATHS = (
					"$(inherited)",
					"@executable_path/Frameworks",
				);
				MTL_ENABLE_DEBUG_INFO = INCLUDE_SOURCE;
				MTL_FAST_MATH = YES;
				PRODUCT_BUNDLE_IDENTIFIER = com.pdmtest.1234;
				PRODUCT_NAME = "$(TARGET_NAME)";
				PROVISIONING_PROFILE_SPECIFIER = sdm;
				TARGETED_DEVICE_FAMILY = "1,2";
			};
			name = Debug;
		};
		CBD38D2F21AFD5F70053AB48 /* Release */ = {
			isa = XCBuildConfiguration;
			buildSettings = {
				ASSETCATALOG_COMPILER_APPICON_NAME = AppIcon;
				CODE_SIGN_STYLE = Manual;
				DEVELOPMENT_TEAM = "";
				FRAMEWORK_SEARCH_PATHS = (
					"$(inherited)",
					"$(PROJECT_DIR)/Frameworks",
				);
				HEADER_SEARCH_PATHS = "$(PROJECT_DIR)/sdm/libs/include";
				INFOPLIST_FILE = sdm/Info.plist;
				IPHONEOS_DEPLOYMENT_TARGET = 9.0;
				LD_RUNPATH_SEARCH_PATHS = (
					"$(inherited)",
					"@executable_path/Frameworks",
				);
				MTL_FAST_MATH = YES;
				PRODUCT_BUNDLE_IDENTIFIER = com.pdmtest.1234;
				PRODUCT_NAME = "$(TARGET_NAME)";
				PROVISIONING_PROFILE_SPECIFIER = "";
				TARGETED_DEVICE_FAMILY = "1,2";
			};
			name = Release;
		};
/* End XCBuildConfiguration section */

/* Begin XCConfigurationList section */
		CB83E1DC2129B02C00265D61 /* Build configuration list for PBXProject "FaceCamera" */ = {
			isa = XCConfigurationList;
			buildConfigurations = (
				CB83E2002129B03100265D61 /* Debug */,
				CB83E2012129B03100265D61 /* Release */,
			);
			defaultConfigurationIsVisible = 0;
			defaultConfigurationName = Release;
		};
		CB83E2022129B03100265D61 /* Build configuration list for PBXNativeTarget "FaceCamera" */ = {
			isa = XCConfigurationList;
			buildConfigurations = (
				CB83E2032129B03100265D61 /* Debug */,
				CB83E2042129B03100265D61 /* Release */,
			);
			defaultConfigurationIsVisible = 0;
			defaultConfigurationName = Release;
		};
		CB83E2052129B03100265D61 /* Build configuration list for PBXNativeTarget "FaceCameraTests" */ = {
			isa = XCConfigurationList;
			buildConfigurations = (
				CB83E2062129B03100265D61 /* Debug */,
				CB83E2072129B03100265D61 /* Release */,
			);
			defaultConfigurationIsVisible = 0;
			defaultConfigurationName = Release;
		};
		CBD38D3021AFD5F70053AB48 /* Build configuration list for PBXNativeTarget "sdm" */ = {
			isa = XCConfigurationList;
			buildConfigurations = (
				CBD38D2E21AFD5F70053AB48 /* Debug */,
				CBD38D2F21AFD5F70053AB48 /* Release */,
			);
			defaultConfigurationIsVisible = 0;
			defaultConfigurationName = Release;
		};
/* End XCConfigurationList section */
	};
	rootObject = CB83E1D92129B02C00265D61 /* Project object */;
}
